
Microsoft Visual Studio Solution File, Format Version 12.00
# Visual Studio 14
VisualStudioVersion = 14.0.25420.1
MinimumVisualStudioVersion = 10.0.40219.1
Project("{FAE04EC0-301F-11D3-BF4B-00C04F79EFBC}") = "RateCounterDemo", "RateCounterDemo\RateCounterDemo\RateCounterDemo.csproj", "{B0CD35FC-3778-4E8F-B97E-CCAC426F7C37}"
EndProject
Project("{FAE04EC0-301F-11D3-BF4B-00C04F79EFBC}") = "RateCounterDemo.Droid", "RateCounterDemo\RateCounterDemo.Droid\RateCounterDemo.Droid.csproj", "{23644B9A-05CC-4493-81F1-E7C95EA48FD5}"
EndProject
Project("{FAE04EC0-301F-11D3-BF4B-00C04F79EFBC}") = "RateCounterDemo.iOS", "RateCounterDemo\RateCounterDemo.iOS\RateCounterDemo.iOS.csproj", "{296471EC-86CC-44B3-95AD-560F295AE8CC}"
EndProject
Project("{FAE04EC0-301F-11D3-BF4B-00C04F79EFBC}") = "RateCounterDemo.WinPhone", "RateCounterDemo\RateCounterDemo.WinPhone\RateCounterDemo.WinPhone.csproj", "{08811EA5-E6DD-4896-8729-A9302D7745DE}"
EndProject
Project("{FAE04EC0-301F-11D3-BF4B-00C04F79EFBC}") = "RateCounterDemo.Windows", "RateCounterDemo\RateCounterDemo.Windows\RateCounterDemo.Windows.csproj", "{4596BF01-483B-49F0-8BFE-955FF86CD3B9}"
EndProject
Global
	GlobalSection(SolutionConfigurationPlatforms) = preSolution
		Ad-Hoc|Any CPU = Ad-Hoc|Any CPU
		Ad-Hoc|ARM = Ad-Hoc|ARM
		Ad-Hoc|iPhone = Ad-Hoc|iPhone
		Ad-Hoc|iPhoneSimulator = Ad-Hoc|iPhoneSimulator
		Ad-Hoc|x64 = Ad-Hoc|x64
		Ad-Hoc|x86 = Ad-Hoc|x86
		AppStore|Any CPU = AppStore|Any CPU
		AppStore|ARM = AppStore|ARM
		AppStore|iPhone = AppStore|iPhone
		AppStore|iPhoneSimulator = AppStore|iPhoneSimulator
		AppStore|x64 = AppStore|x64
		AppStore|x86 = AppStore|x86
		Debug|Any CPU = Debug|Any CPU
		Debug|ARM = Debug|ARM
		Debug|iPhone = Debug|iPhone
		Debug|iPhoneSimulator = Debug|iPhoneSimulator
		Debug|x64 = Debug|x64
		Debug|x86 = Debug|x86
		Release|Any CPU = Release|Any CPU
		Release|ARM = Release|ARM
		Release|iPhone = Release|iPhone
		Release|iPhoneSimulator = Release|iPhoneSimulator
		Release|x64 = Release|x64
		Release|x86 = Release|x86
	EndGlobalSection
	GlobalSection(ProjectConfigurationPlatforms) = postSolution
		{B0CD35FC-3778-4E8F-B97E-CCAC426F7C37}.Ad-Hoc|Any CPU.ActiveCfg = Release|Any CPU
		{B0CD35FC-3778-4E8F-B97E-CCAC426F7C37}.Ad-Hoc|Any CPU.Build.0 = Release|Any CPU
		{B0CD35FC-3778-4E8F-B97E-CCAC426F7C37}.Ad-Hoc|ARM.ActiveCfg = Release|Any CPU
		{B0CD35FC-3778-4E8F-B97E-CCAC426F7C37}.Ad-Hoc|ARM.Build.0 = Release|Any CPU
		{B0CD35FC-3778-4E8F-B97E-CCAC426F7C37}.Ad-Hoc|iPhone.ActiveCfg = Release|Any CPU
		{B0CD35FC-3778-4E8F-B97E-CCAC426F7C37}.Ad-Hoc|iPhone.Build.0 = Release|Any CPU
		{B0CD35FC-3778-4E8F-B97E-CCAC426F7C37}.Ad-Hoc|iPhoneSimulator.ActiveCfg = Release|Any CPU
		{B0CD35FC-3778-4E8F-B97E-CCAC426F7C37}.Ad-Hoc|iPhoneSimulator.Build.0 = Release|Any CPU
		{B0CD35FC-3778-4E8F-B97E-CCAC426F7C37}.Ad-Hoc|x64.ActiveCfg = Release|Any CPU
		{B0CD35FC-3778-4E8F-B97E-CCAC426F7C37}.Ad-Hoc|x64.Build.0 = Release|Any CPU
		{B0CD35FC-3778-4E8F-B97E-CCAC426F7C37}.Ad-Hoc|x86.ActiveCfg = Release|Any CPU
		{B0CD35FC-3778-4E8F-B97E-CCAC426F7C37}.Ad-Hoc|x86.Build.0 = Release|Any CPU
		{B0CD35FC-3778-4E8F-B97E-CCAC426F7C37}.AppStore|Any CPU.ActiveCfg = Release|Any CPU
		{B0CD35FC-3778-4E8F-B97E-CCAC426F7C37}.AppStore|Any CPU.Build.0 = Release|Any CPU
		{B0CD35FC-3778-4E8F-B97E-CCAC426F7C37}.AppStore|ARM.ActiveCfg = Release|Any CPU
		{B0CD35FC-3778-4E8F-B97E-CCAC426F7C37}.AppStore|ARM.Build.0 = Release|Any CPU
		{B0CD35FC-3778-4E8F-B97E-CCAC426F7C37}.AppStore|iPhone.ActiveCfg = Release|Any CPU
		{B0CD35FC-3778-4E8F-B97E-CCAC426F7C37}.AppStore|iPhone.Build.0 = Release|Any CPU
		{B0CD35FC-3778-4E8F-B97E-CCAC426F7C37}.AppStore|iPhoneSimulator.ActiveCfg = Release|Any CPU
		{B0CD35FC-3778-4E8F-B97E-CCAC426F7C37}.AppStore|iPhoneSimulator.Build.0 = Release|Any CPU
		{B0CD35FC-3778-4E8F-B97E-CCAC426F7C37}.AppStore|x64.ActiveCfg = Release|Any CPU
		{B0CD35FC-3778-4E8F-B97E-CCAC426F7C37}.AppStore|x64.Build.0 = Release|Any CPU
		{B0CD35FC-3778-4E8F-B97E-CCAC426F7C37}.AppStore|x86.ActiveCfg = Release|Any CPU
		{B0CD35FC-3778-4E8F-B97E-CCAC426F7C37}.AppStore|x86.Build.0 = Release|Any CPU
		{B0CD35FC-3778-4E8F-B97E-CCAC426F7C37}.Debug|Any CPU.ActiveCfg = Debug|Any CPU
		{B0CD35FC-3778-4E8F-B97E-CCAC426F7C37}.Debug|Any CPU.Build.0 = Debug|Any CPU
		{B0CD35FC-3778-4E8F-B97E-CCAC426F7C37}.Debug|ARM.ActiveCfg = Debug|Any CPU
		{B0CD35FC-3778-4E8F-B97E-CCAC426F7C37}.Debug|ARM.Build.0 = Debug|Any CPU
		{B0CD35FC-3778-4E8F-B97E-CCAC426F7C37}.Debug|iPhone.ActiveCfg = Debug|Any CPU
		{B0CD35FC-3778-4E8F-B97E-CCAC426F7C37}.Debug|iPhone.Build.0 = Debug|Any CPU
		{B0CD35FC-3778-4E8F-B97E-CCAC426F7C37}.Debug|iPhoneSimulator.ActiveCfg = Debug|Any CPU
		{B0CD35FC-3778-4E8F-B97E-CCAC426F7C37}.Debug|iPhoneSimulator.Build.0 = Debug|Any CPU
		{B0CD35FC-3778-4E8F-B97E-CCAC426F7C37}.Debug|x64.ActiveCfg = Debug|Any CPU
		{B0CD35FC-3778-4E8F-B97E-CCAC426F7C37}.Debug|x64.Build.0 = Debug|Any CPU
		{B0CD35FC-3778-4E8F-B97E-CCAC426F7C37}.Debug|x86.ActiveCfg = Debug|Any CPU
		{B0CD35FC-3778-4E8F-B97E-CCAC426F7C37}.Debug|x86.Build.0 = Debug|Any CPU
		{B0CD35FC-3778-4E8F-B97E-CCAC426F7C37}.Release|Any CPU.ActiveCfg = Release|Any CPU
		{B0CD35FC-3778-4E8F-B97E-CCAC426F7C37}.Release|Any CPU.Build.0 = Release|Any CPU
		{B0CD35FC-3778-4E8F-B97E-CCAC426F7C37}.Release|ARM.ActiveCfg = Release|Any CPU
		{B0CD35FC-3778-4E8F-B97E-CCAC426F7C37}.Release|ARM.Build.0 = Release|Any CPU
		{B0CD35FC-3778-4E8F-B97E-CCAC426F7C37}.Release|iPhone.ActiveCfg = Release|Any CPU
		{B0CD35FC-3778-4E8F-B97E-CCAC426F7C37}.Release|iPhone.Build.0 = Release|Any CPU
		{B0CD35FC-3778-4E8F-B97E-CCAC426F7C37}.Release|iPhoneSimulator.ActiveCfg = Release|Any CPU
		{B0CD35FC-3778-4E8F-B97E-CCAC426F7C37}.Release|iPhoneSimulator.Build.0 = Release|Any CPU
		{B0CD35FC-3778-4E8F-B97E-CCAC426F7C37}.Release|x64.ActiveCfg = Release|Any CPU
		{B0CD35FC-3778-4E8F-B97E-CCAC426F7C37}.Release|x64.Build.0 = Release|Any CPU
		{B0CD35FC-3778-4E8F-B97E-CCAC426F7C37}.Release|x86.ActiveCfg = Release|Any CPU
		{B0CD35FC-3778-4E8F-B97E-CCAC426F7C37}.Release|x86.Build.0 = Release|Any CPU
		{23644B9A-05CC-4493-81F1-E7C95EA48FD5}.Ad-Hoc|Any CPU.ActiveCfg = Release|Any CPU
		{23644B9A-05CC-4493-81F1-E7C95EA48FD5}.Ad-Hoc|Any CPU.Build.0 = Release|Any CPU
		{23644B9A-05CC-4493-81F1-E7C95EA48FD5}.Ad-Hoc|Any CPU.Deploy.0 = Release|Any CPU
		{23644B9A-05CC-4493-81F1-E7C95EA48FD5}.Ad-Hoc|ARM.ActiveCfg = Release|Any CPU
		{23644B9A-05CC-4493-81F1-E7C95EA48FD5}.Ad-Hoc|ARM.Build.0 = Release|Any CPU
		{23644B9A-05CC-4493-81F1-E7C95EA48FD5}.Ad-Hoc|ARM.Deploy.0 = Release|Any CPU
		{23644B9A-05CC-4493-81F1-E7C95EA48FD5}.Ad-Hoc|iPhone.ActiveCfg = Release|Any CPU
		{23644B9A-05CC-4493-81F1-E7C95EA48FD5}.Ad-Hoc|iPhone.Build.0 = Release|Any CPU
		{23644B9A-05CC-4493-81F1-E7C95EA48FD5}.Ad-Hoc|iPhone.Deploy.0 = Release|Any CPU
		{23644B9A-05CC-4493-81F1-E7C95EA48FD5}.Ad-Hoc|iPhoneSimulator.ActiveCfg = Release|Any CPU
		{23644B9A-05CC-4493-81F1-E7C95EA48FD5}.Ad-Hoc|iPhoneSimulator.Build.0 = Release|Any CPU
		{23644B9A-05CC-4493-81F1-E7C95EA48FD5}.Ad-Hoc|iPhoneSimulator.Deploy.0 = Release|Any CPU
		{23644B9A-05CC-4493-81F1-E7C95EA48FD5}.Ad-Hoc|x64.ActiveCfg = Release|Any CPU
		{23644B9A-05CC-4493-81F1-E7C95EA48FD5}.Ad-Hoc|x64.Build.0 = Release|Any CPU
		{23644B9A-05CC-4493-81F1-E7C95EA48FD5}.Ad-Hoc|x64.Deploy.0 = Release|Any CPU
		{23644B9A-05CC-4493-81F1-E7C95EA48FD5}.Ad-Hoc|x86.ActiveCfg = Release|Any CPU
		{23644B9A-05CC-4493-81F1-E7C95EA48FD5}.Ad-Hoc|x86.Build.0 = Release|Any CPU
		{23644B9A-05CC-4493-81F1-E7C95EA48FD5}.Ad-Hoc|x86.Deploy.0 = Release|Any CPU
		{23644B9A-05CC-4493-81F1-E7C95EA48FD5}.AppStore|Any CPU.ActiveCfg = Release|Any CPU
		{23644B9A-05CC-4493-81F1-E7C95EA48FD5}.AppStore|Any CPU.Build.0 = Release|Any CPU
		{23644B9A-05CC-4493-81F1-E7C95EA48FD5}.AppStore|Any CPU.Deploy.0 = Release|Any CPU
		{23644B9A-05CC-4493-81F1-E7C95EA48FD5}.AppStore|ARM.ActiveCfg = Release|Any CPU
		{23644B9A-05CC-4493-81F1-E7C95EA48FD5}.AppStore|ARM.Build.0 = Release|Any CPU
		{23644B9A-05CC-4493-81F1-E7C95EA48FD5}.AppStore|ARM.Deploy.0 = Release|Any CPU
		{23644B9A-05CC-4493-81F1-E7C95EA48FD5}.AppStore|iPhone.ActiveCfg = Release|Any CPU
		{23644B9A-05CC-4493-81F1-E7C95EA48FD5}.AppStore|iPhone.Build.0 = Release|Any CPU
		{23644B9A-05CC-4493-81F1-E7C95EA48FD5}.AppStore|iPhone.Deploy.0 = Release|Any CPU
		{23644B9A-05CC-4493-81F1-E7C95EA48FD5}.AppStore|iPhoneSimulator.ActiveCfg = Release|Any CPU
		{23644B9A-05CC-4493-81F1-E7C95EA48FD5}.AppStore|iPhoneSimulator.Build.0 = Release|Any CPU
		{23644B9A-05CC-4493-81F1-E7C95EA48FD5}.AppStore|iPhoneSimulator.Deploy.0 = Release|Any CPU
		{23644B9A-05CC-4493-81F1-E7C95EA48FD5}.AppStore|x64.ActiveCfg = Release|Any CPU
		{23644B9A-05CC-4493-81F1-E7C95EA48FD5}.AppStore|x64.Build.0 = Release|Any CPU
		{23644B9A-05CC-4493-81F1-E7C95EA48FD5}.AppStore|x64.Deploy.0 = Release|Any CPU
		{23644B9A-05CC-4493-81F1-E7C95EA48FD5}.AppStore|x86.ActiveCfg = Release|Any CPU
		{23644B9A-05CC-4493-81F1-E7C95EA48FD5}.AppStore|x86.Build.0 = Release|Any CPU
		{23644B9A-05CC-4493-81F1-E7C95EA48FD5}.AppStore|x86.Deploy.0 = Release|Any CPU
		{23644B9A-05CC-4493-81F1-E7C95EA48FD5}.Debug|Any CPU.ActiveCfg = Debug|Any CPU
		{23644B9A-05CC-4493-81F1-E7C95EA48FD5}.Debug|Any CPU.Build.0 = Debug|Any CPU
		{23644B9A-05CC-4493-81F1-E7C95EA48FD5}.Debug|Any CPU.Deploy.0 = Debug|Any CPU
		{23644B9A-05CC-4493-81F1-E7C95EA48FD5}.Debug|ARM.ActiveCfg = Debug|Any CPU
		{23644B9A-05CC-4493-81F1-E7C95EA48FD5}.Debug|ARM.Build.0 = Debug|Any CPU
		{23644B9A-05CC-4493-81F1-E7C95EA48FD5}.Debug|ARM.Deploy.0 = Debug|Any CPU
		{23644B9A-05CC-4493-81F1-E7C95EA48FD5}.Debug|iPhone.ActiveCfg = Debug|Any CPU
		{23644B9A-05CC-4493-81F1-E7C95EA48FD5}.Debug|iPhone.Build.0 = Debug|Any CPU
		{23644B9A-05CC-4493-81F1-E7C95EA48FD5}.Debug|iPhone.Deploy.0 = Debug|Any CPU
		{23644B9A-05CC-4493-81F1-E7C95EA48FD5}.Debug|iPhoneSimulator.ActiveCfg = Debug|Any CPU
		{23644B9A-05CC-4493-81F1-E7C95EA48FD5}.Debug|iPhoneSimulator.Build.0 = Debug|Any CPU
		{23644B9A-05CC-4493-81F1-E7C95EA48FD5}.Debug|iPhoneSimulator.Deploy.0 = Debug|Any CPU
		{23644B9A-05CC-4493-81F1-E7C95EA48FD5}.Debug|x64.ActiveCfg = Debug|Any CPU
		{23644B9A-05CC-4493-81F1-E7C95EA48FD5}.Debug|x64.Build.0 = Debug|Any CPU
		{23644B9A-05CC-4493-81F1-E7C95EA48FD5}.Debug|x64.Deploy.0 = Debug|Any CPU
		{23644B9A-05CC-4493-81F1-E7C95EA48FD5}.Debug|x86.ActiveCfg = Debug|Any CPU
		{23644B9A-05CC-4493-81F1-E7C95EA48FD5}.Debug|x86.Build.0 = Debug|Any CPU
		{23644B9A-05CC-4493-81F1-E7C95EA48FD5}.Debug|x86.Deploy.0 = Debug|Any CPU
		{23644B9A-05CC-4493-81F1-E7C95EA48FD5}.Release|Any CPU.ActiveCfg = Release|Any CPU
		{23644B9A-05CC-4493-81F1-E7C95EA48FD5}.Release|Any CPU.Build.0 = Release|Any CPU
		{23644B9A-05CC-4493-81F1-E7C95EA48FD5}.Release|Any CPU.Deploy.0 = Release|Any CPU
		{23644B9A-05CC-4493-81F1-E7C95EA48FD5}.Release|ARM.ActiveCfg = Release|Any CPU
		{23644B9A-05CC-4493-81F1-E7C95EA48FD5}.Release|ARM.Build.0 = Release|Any CPU
		{23644B9A-05CC-4493-81F1-E7C95EA48FD5}.Release|ARM.Deploy.0 = Release|Any CPU
		{23644B9A-05CC-4493-81F1-E7C95EA48FD5}.Release|iPhone.ActiveCfg = Release|Any CPU
		{23644B9A-05CC-4493-81F1-E7C95EA48FD5}.Release|iPhone.Build.0 = Release|Any CPU
		{23644B9A-05CC-4493-81F1-E7C95EA48FD5}.Release|iPhone.Deploy.0 = Release|Any CPU
		{23644B9A-05CC-4493-81F1-E7C95EA48FD5}.Release|iPhoneSimulator.ActiveCfg = Release|Any CPU
		{23644B9A-05CC-4493-81F1-E7C95EA48FD5}.Release|iPhoneSimulator.Build.0 = Release|Any CPU
		{23644B9A-05CC-4493-81F1-E7C95EA48FD5}.Release|iPhoneSimulator.Deploy.0 = Release|Any CPU
		{23644B9A-05CC-4493-81F1-E7C95EA48FD5}.Release|x64.ActiveCfg = Release|Any CPU
		{23644B9A-05CC-4493-81F1-E7C95EA48FD5}.Release|x64.Build.0 = Release|Any CPU
		{23644B9A-05CC-4493-81F1-E7C95EA48FD5}.Release|x64.Deploy.0 = Release|Any CPU
		{23644B9A-05CC-4493-81F1-E7C95EA48FD5}.Release|x86.ActiveCfg = Release|Any CPU
		{23644B9A-05CC-4493-81F1-E7C95EA48FD5}.Release|x86.Build.0 = Release|Any CPU
		{23644B9A-05CC-4493-81F1-E7C95EA48FD5}.Release|x86.Deploy.0 = Release|Any CPU
		{296471EC-86CC-44B3-95AD-560F295AE8CC}.Ad-Hoc|Any CPU.ActiveCfg = Ad-Hoc|iPhone
		{296471EC-86CC-44B3-95AD-560F295AE8CC}.Ad-Hoc|ARM.ActiveCfg = Ad-Hoc|iPhone
		{296471EC-86CC-44B3-95AD-560F295AE8CC}.Ad-Hoc|iPhone.ActiveCfg = Ad-Hoc|iPhone
		{296471EC-86CC-44B3-95AD-560F295AE8CC}.Ad-Hoc|iPhone.Build.0 = Ad-Hoc|iPhone
		{296471EC-86CC-44B3-95AD-560F295AE8CC}.Ad-Hoc|iPhoneSimulator.ActiveCfg = Ad-Hoc|iPhoneSimulator
		{296471EC-86CC-44B3-95AD-560F295AE8CC}.Ad-Hoc|iPhoneSimulator.Build.0 = Ad-Hoc|iPhoneSimulator
		{296471EC-86CC-44B3-95AD-560F295AE8CC}.Ad-Hoc|x64.ActiveCfg = Ad-Hoc|iPhone
		{296471EC-86CC-44B3-95AD-560F295AE8CC}.Ad-Hoc|x86.ActiveCfg = Ad-Hoc|iPhone
		{296471EC-86CC-44B3-95AD-560F295AE8CC}.AppStore|Any CPU.ActiveCfg = AppStore|iPhone
		{296471EC-86CC-44B3-95AD-560F295AE8CC}.AppStore|ARM.ActiveCfg = AppStore|iPhone
		{296471EC-86CC-44B3-95AD-560F295AE8CC}.AppStore|iPhone.ActiveCfg = AppStore|iPhone
		{296471EC-86CC-44B3-95AD-560F295AE8CC}.AppStore|iPhone.Build.0 = AppStore|iPhone
		{296471EC-86CC-44B3-95AD-560F295AE8CC}.AppStore|iPhoneSimulator.ActiveCfg = AppStore|iPhoneSimulator
		{296471EC-86CC-44B3-95AD-560F295AE8CC}.AppStore|iPhoneSimulator.Build.0 = AppStore|iPhoneSimulator
		{296471EC-86CC-44B3-95AD-560F295AE8CC}.AppStore|x64.ActiveCfg = AppStore|iPhone
		{296471EC-86CC-44B3-95AD-560F295AE8CC}.AppStore|x86.ActiveCfg = AppStore|iPhone
		{296471EC-86CC-44B3-95AD-560F295AE8CC}.Debug|Any CPU.ActiveCfg = Debug|iPhone
		{296471EC-86CC-44B3-95AD-560F295AE8CC}.Debug|ARM.ActiveCfg = Debug|iPhone
		{296471EC-86CC-44B3-95AD-560F295AE8CC}.Debug|iPhone.ActiveCfg = Debug|iPhone
		{296471EC-86CC-44B3-95AD-560F295AE8CC}.Debug|iPhone.Build.0 = Debug|iPhone
		{296471EC-86CC-44B3-95AD-560F295AE8CC}.Debug|iPhoneSimulator.ActiveCfg = Debug|iPhoneSimulator
		{296471EC-86CC-44B3-95AD-560F295AE8CC}.Debug|iPhoneSimulator.Build.0 = Debug|iPhoneSimulator
		{296471EC-86CC-44B3-95AD-560F295AE8CC}.Debug|x64.ActiveCfg = Debug|iPhone
		{296471EC-86CC-44B3-95AD-560F295AE8CC}.Debug|x86.ActiveCfg = Debug|iPhone
		{296471EC-86CC-44B3-95AD-560F295AE8CC}.Release|Any CPU.ActiveCfg = Release|iPhone
		{296471EC-86CC-44B3-95AD-560F295AE8CC}.Release|ARM.ActiveCfg = Release|iPhone
		{296471EC-86CC-44B3-95AD-560F295AE8CC}.Release|iPhone.ActiveCfg = Release|iPhone
		{296471EC-86CC-44B3-95AD-560F295AE8CC}.Release|iPhone.Build.0 = Release|iPhone
		{296471EC-86CC-44B3-95AD-560F295AE8CC}.Release|iPhoneSimulator.ActiveCfg = Release|iPhoneSimulator
		{296471EC-86CC-44B3-95AD-560F295AE8CC}.Release|iPhoneSimulator.Build.0 = Release|iPhoneSimulator
		{296471EC-86CC-44B3-95AD-560F295AE8CC}.Release|x64.ActiveCfg = Release|iPhone
		{296471EC-86CC-44B3-95AD-560F295AE8CC}.Release|x86.ActiveCfg = Release|iPhone
		{08811EA5-E6DD-4896-8729-A9302D7745DE}.Ad-Hoc|Any CPU.ActiveCfg = Release|Any CPU
		{08811EA5-E6DD-4896-8729-A9302D7745DE}.Ad-Hoc|Any CPU.Build.0 = Release|Any CPU
		{08811EA5-E6DD-4896-8729-A9302D7745DE}.Ad-Hoc|Any CPU.Deploy.0 = Release|Any CPU
		{08811EA5-E6DD-4896-8729-A9302D7745DE}.Ad-Hoc|ARM.ActiveCfg = Release|ARM
		{08811EA5-E6DD-4896-8729-A9302D7745DE}.Ad-Hoc|ARM.Build.0 = Release|ARM
		{08811EA5-E6DD-4896-8729-A9302D7745DE}.Ad-Hoc|ARM.Deploy.0 = Release|ARM
		{08811EA5-E6DD-4896-8729-A9302D7745DE}.Ad-Hoc|iPhone.ActiveCfg = Release|Any CPU
		{08811EA5-E6DD-4896-8729-A9302D7745DE}.Ad-Hoc|iPhone.Build.0 = Release|Any CPU
		{08811EA5-E6DD-4896-8729-A9302D7745DE}.Ad-Hoc|iPhone.Deploy.0 = Release|Any CPU
		{08811EA5-E6DD-4896-8729-A9302D7745DE}.Ad-Hoc|iPhoneSimulator.ActiveCfg = Release|Any CPU
		{08811EA5-E6DD-4896-8729-A9302D7745DE}.Ad-Hoc|iPhoneSimulator.Build.0 = Release|Any CPU
		{08811EA5-E6DD-4896-8729-A9302D7745DE}.Ad-Hoc|iPhoneSimulator.Deploy.0 = Release|Any CPU
		{08811EA5-E6DD-4896-8729-A9302D7745DE}.Ad-Hoc|x64.ActiveCfg = Release|Any CPU
		{08811EA5-E6DD-4896-8729-A9302D7745DE}.Ad-Hoc|x64.Build.0 = Release|Any CPU
		{08811EA5-E6DD-4896-8729-A9302D7745DE}.Ad-Hoc|x64.Deploy.0 = Release|Any CPU
		{08811EA5-E6DD-4896-8729-A9302D7745DE}.Ad-Hoc|x86.ActiveCfg = Release|x86
		{08811EA5-E6DD-4896-8729-A9302D7745DE}.Ad-Hoc|x86.Build.0 = Release|x86
		{08811EA5-E6DD-4896-8729-A9302D7745DE}.Ad-Hoc|x86.Deploy.0 = Release|x86
		{08811EA5-E6DD-4896-8729-A9302D7745DE}.AppStore|Any CPU.ActiveCfg = Release|Any CPU
		{08811EA5-E6DD-4896-8729-A9302D7745DE}.AppStore|Any CPU.Build.0 = Release|Any CPU
		{08811EA5-E6DD-4896-8729-A9302D7745DE}.AppStore|Any CPU.Deploy.0 = Release|Any CPU
		{08811EA5-E6DD-4896-8729-A9302D7745DE}.AppStore|ARM.ActiveCfg = Release|ARM
		{08811EA5-E6DD-4896-8729-A9302D7745DE}.AppStore|ARM.Build.0 = Release|ARM
		{08811EA5-E6DD-4896-8729-A9302D7745DE}.AppStore|ARM.Deploy.0 = Release|ARM
		{08811EA5-E6DD-4896-8729-A9302D7745DE}.AppStore|iPhone.ActiveCfg = Release|Any CPU
		{08811EA5-E6DD-4896-8729-A9302D7745DE}.AppStore|iPhone.Build.0 = Release|Any CPU
		{08811EA5-E6DD-4896-8729-A9302D7745DE}.AppStore|iPhone.Deploy.0 = Release|Any CPU
		{08811EA5-E6DD-4896-8729-A9302D7745DE}.AppStore|iPhoneSimulator.ActiveCfg = Release|Any CPU
		{08811EA5-E6DD-4896-8729-A9302D7745DE}.AppStore|iPhoneSimulator.Build.0 = Release|Any CPU
		{08811EA5-E6DD-4896-8729-A9302D7745DE}.AppStore|iPhoneSimulator.Deploy.0 = Release|Any CPU
		{08811EA5-E6DD-4896-8729-A9302D7745DE}.AppStore|x64.ActiveCfg = Release|Any CPU
		{08811EA5-E6DD-4896-8729-A9302D7745DE}.AppStore|x64.Build.0 = Release|Any CPU
		{08811EA5-E6DD-4896-8729-A9302D7745DE}.AppStore|x64.Deploy.0 = Release|Any CPU
		{08811EA5-E6DD-4896-8729-A9302D7745DE}.AppStore|x86.ActiveCfg = Release|x86
		{08811EA5-E6DD-4896-8729-A9302D7745DE}.AppStore|x86.Build.0 = Release|x86
		{08811EA5-E6DD-4896-8729-A9302D7745DE}.AppStore|x86.Deploy.0 = Release|x86
		{08811EA5-E6DD-4896-8729-A9302D7745DE}.Debug|Any CPU.ActiveCfg = Debug|Any CPU
		{08811EA5-E6DD-4896-8729-A9302D7745DE}.Debug|Any CPU.Build.0 = Debug|Any CPU
		{08811EA5-E6DD-4896-8729-A9302D7745DE}.Debug|Any CPU.Deploy.0 = Debug|Any CPU
		{08811EA5-E6DD-4896-8729-A9302D7745DE}.Debug|ARM.ActiveCfg = Debug|ARM
		{08811EA5-E6DD-4896-8729-A9302D7745DE}.Debug|ARM.Build.0 = Debug|ARM
		{08811EA5-E6DD-4896-8729-A9302D7745DE}.Debug|ARM.Deploy.0 = Debug|ARM
		{08811EA5-E6DD-4896-8729-A9302D7745DE}.Debug|iPhone.ActiveCfg = Debug|Any CPU
		{08811EA5-E6DD-4896-8729-A9302D7745DE}.Debug|iPhone.Build.0 = Debug|Any CPU
		{08811EA5-E6DD-4896-8729-A9302D7745DE}.Debug|iPhone.Deploy.0 = Debug|Any CPU
		{08811EA5-E6DD-4896-8729-A9302D7745DE}.Debug|iPhoneSimulator.ActiveCfg = Debug|Any CPU
		{08811EA5-E6DD-4896-8729-A9302D7745DE}.Debug|iPhoneSimulator.Build.0 = Debug|Any CPU
		{08811EA5-E6DD-4896-8729-A9302D7745DE}.Debug|iPhoneSimulator.Deploy.0 = Debug|Any CPU
		{08811EA5-E6DD-4896-8729-A9302D7745DE}.Debug|x64.ActiveCfg = Debug|Any CPU
		{08811EA5-E6DD-4896-8729-A9302D7745DE}.Debug|x64.Build.0 = Debug|Any CPU
		{08811EA5-E6DD-4896-8729-A9302D7745DE}.Debug|x64.Deploy.0 = Debug|Any CPU
		{08811EA5-E6DD-4896-8729-A9302D7745DE}.Debug|x86.ActiveCfg = Debug|x86
		{08811EA5-E6DD-4896-8729-A9302D7745DE}.Debug|x86.Build.0 = Debug|x86
		{08811EA5-E6DD-4896-8729-A9302D7745DE}.Debug|x86.Deploy.0 = Debug|x86
		{08811EA5-E6DD-4896-8729-A9302D7745DE}.Release|Any CPU.ActiveCfg = Release|Any CPU
		{08811EA5-E6DD-4896-8729-A9302D7745DE}.Release|Any CPU.Build.0 = Release|Any CPU
		{08811EA5-E6DD-4896-8729-A9302D7745DE}.Release|Any CPU.Deploy.0 = Release|Any CPU
		{08811EA5-E6DD-4896-8729-A9302D7745DE}.Release|ARM.ActiveCfg = Release|ARM
		{08811EA5-E6DD-4896-8729-A9302D7745DE}.Release|ARM.Build.0 = Release|ARM
		{08811EA5-E6DD-4896-8729-A9302D7745DE}.Release|ARM.Deploy.0 = Release|ARM
		{08811EA5-E6DD-4896-8729-A9302D7745DE}.Release|iPhone.ActiveCfg = Release|Any CPU
		{08811EA5-E6DD-4896-8729-A9302D7745DE}.Release|iPhone.Build.0 = Release|Any CPU
		{08811EA5-E6DD-4896-8729-A9302D7745DE}.Release|iPhone.Deploy.0 = Release|Any CPU
		{08811EA5-E6DD-4896-8729-A9302D7745DE}.Release|iPhoneSimulator.ActiveCfg = Release|Any CPU
		{08811EA5-E6DD-4896-8729-A9302D7745DE}.Release|iPhoneSimulator.Build.0 = Release|Any CPU
		{08811EA5-E6DD-4896-8729-A9302D7745DE}.Release|iPhoneSimulator.Deploy.0 = Release|Any CPU
		{08811EA5-E6DD-4896-8729-A9302D7745DE}.Release|x64.ActiveCfg = Release|Any CPU
		{08811EA5-E6DD-4896-8729-A9302D7745DE}.Release|x64.Build.0 = Release|Any CPU
		{08811EA5-E6DD-4896-8729-A9302D7745DE}.Release|x64.Deploy.0 = Release|Any CPU
		{08811EA5-E6DD-4896-8729-A9302D7745DE}.Release|x86.ActiveCfg = Release|x86
		{08811EA5-E6DD-4896-8729-A9302D7745DE}.Release|x86.Build.0 = Release|x86
		{08811EA5-E6DD-4896-8729-A9302D7745DE}.Release|x86.Deploy.0 = Release|x86
		{4596BF01-483B-49F0-8BFE-955FF86CD3B9}.Ad-Hoc|Any CPU.ActiveCfg = Release|Any CPU
		{4596BF01-483B-49F0-8BFE-955FF86CD3B9}.Ad-Hoc|Any CPU.Build.0 = Release|Any CPU
		{4596BF01-483B-49F0-8BFE-955FF86CD3B9}.Ad-Hoc|Any CPU.Deploy.0 = Release|Any CPU
		{4596BF01-483B-49F0-8BFE-955FF86CD3B9}.Ad-Hoc|ARM.ActiveCfg = Release|ARM
		{4596BF01-483B-49F0-8BFE-955FF86CD3B9}.Ad-Hoc|ARM.Build.0 = Release|ARM
		{4596BF01-483B-49F0-8BFE-955FF86CD3B9}.Ad-Hoc|ARM.Deploy.0 = Release|ARM
		{4596BF01-483B-49F0-8BFE-955FF86CD3B9}.Ad-Hoc|iPhone.ActiveCfg = Release|Any CPU
		{4596BF01-483B-49F0-8BFE-955FF86CD3B9}.Ad-Hoc|iPhone.Build.0 = Release|Any CPU
		{4596BF01-483B-49F0-8BFE-955FF86CD3B9}.Ad-Hoc|iPhone.Deploy.0 = Release|Any CPU
		{4596BF01-483B-49F0-8BFE-955FF86CD3B9}.Ad-Hoc|iPhoneSimulator.ActiveCfg = Release|Any CPU
		{4596BF01-483B-49F0-8BFE-955FF86CD3B9}.Ad-Hoc|iPhoneSimulator.Build.0 = Release|Any CPU
		{4596BF01-483B-49F0-8BFE-955FF86CD3B9}.Ad-Hoc|iPhoneSimulator.Deploy.0 = Release|Any CPU
		{4596BF01-483B-49F0-8BFE-955FF86CD3B9}.Ad-Hoc|x64.ActiveCfg = Release|x64
		{4596BF01-483B-49F0-8BFE-955FF86CD3B9}.Ad-Hoc|x64.Build.0 = Release|x64
		{4596BF01-483B-49F0-8BFE-955FF86CD3B9}.Ad-Hoc|x64.Deploy.0 = Release|x64
		{4596BF01-483B-49F0-8BFE-955FF86CD3B9}.Ad-Hoc|x86.ActiveCfg = Release|x86
		{4596BF01-483B-49F0-8BFE-955FF86CD3B9}.Ad-Hoc|x86.Build.0 = Release|x86
		{4596BF01-483B-49F0-8BFE-955FF86CD3B9}.Ad-Hoc|x86.Deploy.0 = Release|x86
		{4596BF01-483B-49F0-8BFE-955FF86CD3B9}.AppStore|Any CPU.ActiveCfg = Release|Any CPU
		{4596BF01-483B-49F0-8BFE-955FF86CD3B9}.AppStore|Any CPU.Build.0 = Release|Any CPU
		{4596BF01-483B-49F0-8BFE-955FF86CD3B9}.AppStore|Any CPU.Deploy.0 = Release|Any CPU
		{4596BF01-483B-49F0-8BFE-955FF86CD3B9}.AppStore|ARM.ActiveCfg = Release|ARM
		{4596BF01-483B-49F0-8BFE-955FF86CD3B9}.AppStore|ARM.Build.0 = Release|ARM
		{4596BF01-483B-49F0-8BFE-955FF86CD3B9}.AppStore|ARM.Deploy.0 = Release|ARM
		{4596BF01-483B-49F0-8BFE-955FF86CD3B9}.AppStore|iPhone.ActiveCfg = Release|Any CPU
		{4596BF01-483B-49F0-8BFE-955FF86CD3B9}.AppStore|iPhone.Build.0 = Release|Any CPU
		{4596BF01-483B-49F0-8BFE-955FF86CD3B9}.AppStore|iPhone.Deploy.0 = Release|Any CPU
		{4596BF01-483B-49F0-8BFE-955FF86CD3B9}.AppStore|iPhoneSimulator.ActiveCfg = Release|Any CPU
		{4596BF01-483B-49F0-8BFE-955FF86CD3B9}.AppStore|iPhoneSimulator.Build.0 = Release|Any CPU
		{4596BF01-483B-49F0-8BFE-955FF86CD3B9}.AppStore|iPhoneSimulator.Deploy.0 = Release|Any CPU
		{4596BF01-483B-49F0-8BFE-955FF86CD3B9}.AppStore|x64.ActiveCfg = Release|x64
		{4596BF01-483B-49F0-8BFE-955FF86CD3B9}.AppStore|x64.Build.0 = Release|x64
		{4596BF01-483B-49F0-8BFE-955FF86CD3B9}.AppStore|x64.Deploy.0 = Release|x64
		{4596BF01-483B-49F0-8BFE-955FF86CD3B9}.AppStore|x86.ActiveCfg = Release|x86
		{4596BF01-483B-49F0-8BFE-955FF86CD3B9}.AppStore|x86.Build.0 = Release|x86
		{4596BF01-483B-49F0-8BFE-955FF86CD3B9}.AppStore|x86.Deploy.0 = Release|x86
		{4596BF01-483B-49F0-8BFE-955FF86CD3B9}.Debug|Any CPU.ActiveCfg = Debug|Any CPU
		{4596BF01-483B-49F0-8BFE-955FF86CD3B9}.Debug|Any CPU.Build.0 = Debug|Any CPU
		{4596BF01-483B-49F0-8BFE-955FF86CD3B9}.Debug|Any CPU.Deploy.0 = Debug|Any CPU
		{4596BF01-483B-49F0-8BFE-955FF86CD3B9}.Debug|ARM.ActiveCfg = Debug|ARM
		{4596BF01-483B-49F0-8BFE-955FF86CD3B9}.Debug|ARM.Build.0 = Debug|ARM
		{4596BF01-483B-49F0-8BFE-955FF86CD3B9}.Debug|ARM.Deploy.0 = Debug|ARM
		{4596BF01-483B-49F0-8BFE-955FF86CD3B9}.Debug|iPhone.ActiveCfg = Debug|Any CPU
		{4596BF01-483B-49F0-8BFE-955FF86CD3B9}.Debug|iPhone.Build.0 = Debug|Any CPU
		{4596BF01-483B-49F0-8BFE-955FF86CD3B9}.Debug|iPhone.Deploy.0 = Debug|Any CPU
		{4596BF01-483B-49F0-8BFE-955FF86CD3B9}.Debug|iPhoneSimulator.ActiveCfg = Debug|Any CPU
		{4596BF01-483B-49F0-8BFE-955FF86CD3B9}.Debug|iPhoneSimulator.Build.0 = Debug|Any CPU
		{4596BF01-483B-49F0-8BFE-955FF86CD3B9}.Debug|iPhoneSimulator.Deploy.0 = Debug|Any CPU
		{4596BF01-483B-49F0-8BFE-955FF86CD3B9}.Debug|x64.ActiveCfg = Debug|x64
		{4596BF01-483B-49F0-8BFE-955FF86CD3B9}.Debug|x64.Build.0 = Debug|x64
		{4596BF01-483B-49F0-8BFE-955FF86CD3B9}.Debug|x64.Deploy.0 = Debug|x64
		{4596BF01-483B-49F0-8BFE-955FF86CD3B9}.Debug|x86.ActiveCfg = Debug|x86
		{4596BF01-483B-49F0-8BFE-955FF86CD3B9}.Debug|x86.Build.0 = Debug|x86
		{4596BF01-483B-49F0-8BFE-955FF86CD3B9}.Debug|x86.Deploy.0 = Debug|x86
		{4596BF01-483B-49F0-8BFE-955FF86CD3B9}.Release|Any CPU.ActiveCfg = Release|Any CPU
		{4596BF01-483B-49F0-8BFE-955FF86CD3B9}.Release|Any CPU.Build.0 = Release|Any CPU
		{4596BF01-483B-49F0-8BFE-955FF86CD3B9}.Release|Any CPU.Deploy.0 = Release|Any CPU
		{4596BF01-483B-49F0-8BFE-955FF86CD3B9}.Release|ARM.ActiveCfg = Release|ARM
		{4596BF01-483B-49F0-8BFE-955FF86CD3B9}.Release|ARM.Build.0 = Release|ARM
		{4596BF01-483B-49F0-8BFE-955FF86CD3B9}.Release|ARM.Deploy.0 = Release|ARM
		{4596BF01-483B-49F0-8BFE-955FF86CD3B9}.Release|iPhone.ActiveCfg = Release|Any CPU
		{4596BF01-483B-49F0-8BFE-955FF86CD3B9}.Release|iPhone.Build.0 = Release|Any CPU
		{4596BF01-483B-49F0-8BFE-955FF86CD3B9}.Release|iPhone.Deploy.0 = Release|Any CPU
		{4596BF01-483B-49F0-8BFE-955FF86CD3B9}.Release|iPhoneSimulator.ActiveCfg = Release|Any CPU
		{4596BF01-483B-49F0-8BFE-955FF86CD3B9}.Release|iPhoneSimulator.Build.0 = Release|Any CPU
		{4596BF01-483B-49F0-8BFE-955FF86CD3B9}.Release|iPhoneSimulator.Deploy.0 = Release|Any CPU
		{4596BF01-483B-49F0-8BFE-955FF86CD3B9}.Release|x64.ActiveCfg = Release|x64
		{4596BF01-483B-49F0-8BFE-955FF86CD3B9}.Release|x64.Build.0 = Release|x64
		{4596BF01-483B-49F0-8BFE-955FF86CD3B9}.Release|x64.Deploy.0 = Release|x64
		{4596BF01-483B-49F0-8BFE-955FF86CD3B9}.Release|x86.ActiveCfg = Release|x86
		{4596BF01-483B-49F0-8BFE-955FF86CD3B9}.Release|x86.Build.0 = Release|x86
		{4596BF01-483B-49F0-8BFE-955FF86CD3B9}.Release|x86.Deploy.0 = Release|x86
	EndGlobalSection
	GlobalSection(SolutionProperties) = preSolution
		HideSolutionNode = FALSE
	EndGlobalSection
EndGlobal
